# This file is automatically @generated by Cargo.
# It is not intended for manual editing.
version = 3

[[package]]
name = "ahash"
version = "0.8.11"
source = "registry+https://github.com/rust-lang/crates.io-index"
checksum = "e89da841a80418a9b391ebaea17f5c112ffaaa96f621d2c285b5174da76b9011"
dependencies = [
 "cfg-if",
 "once_cell",
 "version_check",
 "zerocopy 0.7.32",
]

[[package]]
name = "allocator-api2"
version = "0.2.18"
source = "registry+https://github.com/rust-lang/crates.io-index"
checksum = "5c6cb57a04249c6480766f7f7cef5467412af1490f8d1e243141daddada3264f"

[[package]]
name = "arch"
version = "0.1.0"
dependencies = [
 "riscv",
]

[[package]]
name = "atomic-polyfill"
version = "1.0.3"
source = "registry+https://github.com/rust-lang/crates.io-index"
checksum = "8cf2bce30dfe09ef0bfaef228b9d414faaf7e563035494d7fe092dba54b300f4"
dependencies = [
 "critical-section",
]

[[package]]
name = "autocfg"
version = "1.2.0"
source = "registry+https://github.com/rust-lang/crates.io-index"
checksum = "f1fdabc7756949593fe60f30ec81974b613357de856987752631dea1e3394c80"

[[package]]
name = "bit-struct"
version = "0.3.2"
source = "registry+https://github.com/rust-lang/crates.io-index"
checksum = "270fbbb014407467f7a2c9b1fa0b74057d5cbc452f18bac3bb5aad601e590521"
dependencies = [
 "num-traits",
 "serde",
]

[[package]]
name = "bit_field"
version = "0.10.2"
source = "registry+https://github.com/rust-lang/crates.io-index"
checksum = "dc827186963e592360843fb5ba4b973e145841266c1357f7180c43526f2e5b61"

[[package]]
name = "bitflags"
version = "1.3.2"
source = "registry+https://github.com/rust-lang/crates.io-index"
checksum = "bef38d45163c2f1dde094a7dfd33ccf595c92905c8f8f4fdc18d06fb1037718a"

[[package]]
name = "bitflags"
version = "2.5.0"
source = "registry+https://github.com/rust-lang/crates.io-index"
checksum = "cf4b9d6a944f767f8e5e0db018570623c85f3d925ac718db4e06d0187adb21c1"

[[package]]
name = "buddy_system_allocator"
version = "0.9.1"
source = "registry+https://github.com/rust-lang/crates.io-index"
checksum = "d44d578cadd17312c75e7d0ef489361f160ace58f7139aa32001fee1a51b89b5"
dependencies = [
 "spin",
]

[[package]]
name = "byte-slice-cast"
version = "1.2.2"
source = "registry+https://github.com/rust-lang/crates.io-index"
checksum = "c3ac9f8b63eca6fd385229b3675f6cc0dc5c8a5c8a54a59d4f52ffd670d87b0c"

[[package]]
name = "byteorder"
version = "1.5.0"
source = "registry+https://github.com/rust-lang/crates.io-index"
checksum = "1fd0f2584146f6f2ef48085050886acf353beff7305ebd1ae69500e27c67f64b"

[[package]]
name = "cfg-if"
version = "1.0.0"
source = "registry+https://github.com/rust-lang/crates.io-index"
checksum = "baf1de4339761588bc0619e3cbc0120ee582ebb74b53b4efbf79117bd2da40fd"

[[package]]
name = "config"
version = "0.1.0"

[[package]]
name = "constants"
version = "0.1.0"
dependencies = [
 "pconst",
]

[[package]]
name = "critical-section"
version = "1.1.2"
source = "registry+https://github.com/rust-lang/crates.io-index"
checksum = "7059fff8937831a9ae6f0fe4d658ffabf58f2ca96aa9dec1c889f936f705f216"

[[package]]
name = "defmt"
version = "0.3.6"
source = "registry+https://github.com/rust-lang/crates.io-index"
checksum = "3939552907426de152b3c2c6f51ed53f98f448babd26f28694c95f5906194595"
dependencies = [
 "bitflags 1.3.2",
 "defmt-macros",
]

[[package]]
name = "defmt-macros"
version = "0.3.7"
source = "registry+https://github.com/rust-lang/crates.io-index"
checksum = "18bdc7a7b92ac413e19e95240e75d3a73a8d8e78aa24a594c22cbb4d44b4bbda"
dependencies = [
 "defmt-parser",
 "proc-macro-error",
 "proc-macro2",
 "quote",
 "syn 2.0.58",
]

[[package]]
name = "defmt-parser"
version = "0.3.4"
source = "registry+https://github.com/rust-lang/crates.io-index"
checksum = "ff4a5fefe330e8d7f31b16a318f9ce81000d8e35e69b93eae154d16d2278f70f"
dependencies = [
 "thiserror",
]

[[package]]
name = "deranged"
version = "0.3.11"
source = "registry+https://github.com/rust-lang/crates.io-index"
checksum = "b42b6fa04a440b495c8b04d0e71b707c585f83cb9cb28cf8cd0d976c315e31b4"
dependencies = [
 "powerfmt",
]

[[package]]
name = "device_interface"
version = "0.1.0"
dependencies = [
 "constants",
]

[[package]]
name = "devices"
version = "0.1.0"
dependencies = [
 "arch",
 "config",
 "constants",
 "device_interface",
 "drivers",
 "fdt",
 "interrupt",
 "ksync",
 "log",
 "netcore",
 "platform",
 "shim",
 "smoltcp",
 "spin",
 "vfscore",
 "virtio-drivers 0.5.0 (git+https://github.com/rcore-os/virtio-drivers?rev=de1c3b1)",
]

[[package]]
name = "doubly-linked-list"
version = "0.2.0"
source = "registry+https://github.com/rust-lang/crates.io-index"
checksum = "db45a472723f12f7f6af7324652e487c5a1fe492abf491ca4c22f0079853a714"
dependencies = [
 "volatile",
]

[[package]]
name = "downcast-rs"
version = "1.2.1"
source = "registry+https://github.com/rust-lang/crates.io-index"
checksum = "75b325c5dbd37f80359721ad39aca5a29fb04c89279657cffdda8736d0c0b9d2"

[[package]]
name = "drivers"
version = "0.1.0"
dependencies = [
 "config",
 "constants",
 "device_interface",
 "ksync",
 "log",
 "loopback",
 "lru",
 "mem",
 "netcore",
 "platform",
 "rtc",
 "shim",
 "spin",
 "timer",
 "uart16550",
 "uart8250",
 "virtio-drivers 0.5.0 (git+https://github.com/rcore-os/virtio-drivers?rev=de1c3b1)",
 "virtio-net",
 "visionfive2-sd",
]

[[package]]
name = "embedded-hal"
version = "0.2.7"
source = "registry+https://github.com/rust-lang/crates.io-index"
checksum = "35949884794ad573cf46071e41c9b60efb0cb311e3ca01f7af807af1debc66ff"
dependencies = [
 "nb 0.1.3",
 "void",
]

[[package]]
name = "fdt"
version = "0.2.0-alpha1"
source = "git+https://github.com/repnop/fdt#6fc87b53da0b46166f7bc5029982568e344cc338"

[[package]]
name = "hash32"
version = "0.2.1"
source = "registry+https://github.com/rust-lang/crates.io-index"
checksum = "b0c35f58762feb77d74ebe43bdbc3210f09be9fe6742234d573bacc26ed92b67"
dependencies = [
 "byteorder",
]

[[package]]
name = "hashbrown"
version = "0.14.3"
source = "registry+https://github.com/rust-lang/crates.io-index"
checksum = "290f1a1d9242c78d09ce40a5e87e7554ee637af1351968159f4952f028f75604"
dependencies = [
 "ahash",
 "allocator-api2",
]

[[package]]
name = "heapless"
version = "0.7.17"
source = "registry+https://github.com/rust-lang/crates.io-index"
checksum = "cdc6457c0eb62c71aac4bc17216026d8410337c4126773b9c5daba343f17964f"
dependencies = [
 "atomic-polyfill",
 "hash32",
 "rustc_version",
 "spin",
 "stable_deref_trait",
]

[[package]]
name = "interrupt"
version = "0.1.0"
dependencies = [
 "arch",
 "config",
 "device_interface",
 "ksync",
 "platform",
 "plic",
 "spin",
]

[[package]]
name = "inventory"
version = "0.3.12"
source = "git+https://github.com/os-module/inventory#b043290d65411cd1b37ac90f407b5ba16e6174b9"

[[package]]
name = "kernel-sync"
version = "0.1.1"
source = "git+https://github.com/os-module/kernel-sync.git#4483c08ee46998eb6d2167f848054194c20d1bb7"
dependencies = [
 "lock_api",
]

[[package]]
name = "ksync"
version = "0.1.0"
dependencies = [
 "arch",
 "config",
 "kernel-sync",
]

[[package]]
name = "lock_api"
version = "0.4.11"
source = "registry+https://github.com/rust-lang/crates.io-index"
checksum = "3c168f8615b12bc01f9c17e2eb0cc07dcae1940121185446edc3744920e8ef45"
dependencies = [
 "autocfg",
 "scopeguard",
]

[[package]]
name = "log"
version = "0.4.21"
source = "registry+https://github.com/rust-lang/crates.io-index"
checksum = "90ed8c1e510134f979dbc4f070f87d4313098b704861a105fe34231c70a3901c"

[[package]]
name = "loopback"
version = "0.1.0"
source = "git+https://github.com/os-module/simple-net#9201deb305a2f93c9914af0d4742d580a9ce9b37"
dependencies = [
 "netcore",
]

[[package]]
name = "lru"
version = "0.12.3"
source = "registry+https://github.com/rust-lang/crates.io-index"
checksum = "d3262e75e648fce39813cb56ac41f3c3e3f65217ebf3844d818d1f9398cfb0dc"
dependencies = [
 "hashbrown",
]

[[package]]
name = "managed"
version = "0.8.0"
source = "registry+https://github.com/rust-lang/crates.io-index"
checksum = "0ca88d725a0a943b096803bd34e73a4437208b6077654cc4ecb2947a5f91618d"

[[package]]
name = "mem"
version = "0.1.0"
dependencies = [
 "arch",
 "buddy_system_allocator",
 "config",
 "ksync",
 "log",
 "page-table",
 "pager",
 "platform",
 "rslab",
 "spin",
 "talc",
]

[[package]]
name = "nb"
version = "0.1.3"
source = "registry+https://github.com/rust-lang/crates.io-index"
checksum = "801d31da0513b6ec5214e9bf433a77966320625a37860f910be265be6e18d06f"
dependencies = [
 "nb 1.1.0",
]

[[package]]
name = "nb"
version = "1.1.0"
source = "registry+https://github.com/rust-lang/crates.io-index"
checksum = "8d5439c4ad607c3c23abf66de8c8bf57ba8adcd1f129e699851a6e43935d339d"

[[package]]
name = "netcore"
version = "0.1.0"
source = "git+https://github.com/os-module/simple-net#9201deb305a2f93c9914af0d4742d580a9ce9b37"
dependencies = [
 "kernel-sync",
 "log",
 "preprint",
 "smoltcp",
 "spin",
 "virtio-drivers 0.5.0 (git+https://github.com/rcore-os/virtio-drivers?rev=de1c3b130e507702f13d142b9bee55670a4a2858)",
]

[[package]]
name = "num-conv"
version = "0.1.0"
source = "registry+https://github.com/rust-lang/crates.io-index"
checksum = "51d515d32fb182ee37cda2ccdcb92950d6a3c2893aa280e540671c2cd0f3b1d9"

[[package]]
name = "num-traits"
version = "0.2.18"
source = "registry+https://github.com/rust-lang/crates.io-index"
checksum = "da0df0e5185db44f69b44f26786fe401b6c293d1907744beaa7fa62b2e5a517a"
dependencies = [
 "autocfg",
]

[[package]]
name = "numeric-enum-macro"
version = "0.2.0"
source = "registry+https://github.com/rust-lang/crates.io-index"
checksum = "300e4bdb6b46b592948e700ea1ef24a4296491f6a0ee722b258040abd15a3714"

[[package]]
name = "once_cell"
version = "1.19.0"
source = "registry+https://github.com/rust-lang/crates.io-index"
checksum = "3fdb12b2476b595f9358c5161aa467c2438859caa136dec86c26fdd2efe17b92"

[[package]]
name = "page-table"
version = "0.1.0"
source = "git+https://github.com/os-module/page-table.git?branch=dev#7e475a61e30d3abb5bceed26ab399b1c90e01951"
dependencies = [
 "bitflags 1.3.2",
 "cfg-if",
 "log",
]

[[package]]
name = "pager"
version = "0.1.0"
source = "git+https://github.com/os-module/pager#ccb9a5090ba9b2e712020e9a6ec75f613b0e2cb9"
dependencies = [
 "doubly-linked-list",
 "log",
 "preprint",
]

[[package]]
name = "paste"
version = "1.0.14"
source = "registry+https://github.com/rust-lang/crates.io-index"
checksum = "de3145af08024dea9fa9914f381a17b8fc6034dfb00f3a84013f7ff43f29ed4c"

[[package]]
name = "pconst"
version = "0.1.0"
source = "git+https://github.com/os-module/pconst.git#fc3c576d8ac476d87af3e417c138739c4b3914c0"
dependencies = [
 "bitflags 1.3.2",
 "numeric-enum-macro",
 "syscall-table",
]

[[package]]
name = "platform"
version = "0.1.0"
dependencies = [
 "arch",
 "config",
 "fdt",
 "ksync",
 "log",
 "preprint",
 "spin",
]

[[package]]
name = "plic"
version = "0.1.0"
source = "git+https://github.com/os-module/plic#1a714257a15595612ba74b83062481ef31c68c34"

[[package]]
name = "powerfmt"
version = "0.2.0"
source = "registry+https://github.com/rust-lang/crates.io-index"
checksum = "439ee305def115ba05938db6eb1644ff94165c5ab5e9420d1c1bcedbba909391"

[[package]]
name = "preprint"
version = "0.1.0"
source = "registry+https://github.com/rust-lang/crates.io-index"
checksum = "067d7939a17011d73ee0f868eb26b569680437d379583e5f97c18ca570b4a32f"

[[package]]
name = "proc-macro-error"
version = "1.0.4"
source = "registry+https://github.com/rust-lang/crates.io-index"
checksum = "da25490ff9892aab3fcf7c36f08cfb902dd3e71ca0f9f9517bea02a73a5ce38c"
dependencies = [
 "proc-macro-error-attr",
 "proc-macro2",
 "quote",
 "syn 1.0.109",
 "version_check",
]

[[package]]
name = "proc-macro-error-attr"
version = "1.0.4"
source = "registry+https://github.com/rust-lang/crates.io-index"
checksum = "a1be40180e52ecc98ad80b184934baf3d0d29f979574e439af5a55274b35f869"
dependencies = [
 "proc-macro2",
 "quote",
 "version_check",
]

[[package]]
name = "proc-macro2"
version = "1.0.79"
source = "registry+https://github.com/rust-lang/crates.io-index"
checksum = "e835ff2298f5721608eb1a980ecaee1aef2c132bf95ecc026a11b7bf3c01c02e"
dependencies = [
 "unicode-ident",
]

[[package]]
name = "quote"
version = "1.0.36"
source = "registry+https://github.com/rust-lang/crates.io-index"
checksum = "0fa76aaf39101c457836aec0ce2316dbdc3ab723cdda1c6bd4e6ad4208acaca7"
dependencies = [
 "proc-macro2",
]

[[package]]
name = "riscv"
version = "0.10.1"
source = "registry+https://github.com/rust-lang/crates.io-index"
checksum = "aa3145d2fae3778b1e31ec2e827b228bdc6abd9b74bb5705ba46dcb82069bc4f"
dependencies = [
 "bit_field",
 "critical-section",
 "embedded-hal",
]

[[package]]
name = "rslab"
version = "0.2.1"
source = "registry+https://github.com/rust-lang/crates.io-index"
checksum = "5ba7a32a43a8354f49ce8faf74d9d366d93597f1127abde0be5e745a6e029bc2"
dependencies = [
 "bitflags 1.3.2",
 "doubly-linked-list",
 "log",
 "preprint",
 "spin",
]

[[package]]
name = "rtc"
version = "0.1.0"
source = "git+https://github.com/os-module/rtc.git#2ceb6c1c04d75ba5459081c03efa664289335e77"
dependencies = [
 "bit_field",
 "preprint",
 "time",
]

[[package]]
name = "rustc_version"
version = "0.4.0"
source = "registry+https://github.com/rust-lang/crates.io-index"
checksum = "bfa0f585226d2e68097d4f95d113b15b83a82e819ab25717ec0590d9584ef366"
dependencies = [
 "semver",
]

[[package]]
name = "scopeguard"
version = "1.2.0"
source = "registry+https://github.com/rust-lang/crates.io-index"
checksum = "94143f37725109f92c262ed2cf5e59bce7498c01bcc1502d7b9afe439a4e9f49"

[[package]]
name = "semver"
version = "1.0.22"
source = "registry+https://github.com/rust-lang/crates.io-index"
checksum = "92d43fe69e652f3df9bdc2b85b2854a0825b86e4fb76bc44d945137d053639ca"

[[package]]
name = "serde"
version = "1.0.197"
source = "registry+https://github.com/rust-lang/crates.io-index"
checksum = "3fb1c873e1b9b056a4dc4c0c198b24c3ffa059243875552b2bd0933b1aee4ce2"
dependencies = [
 "serde_derive",
]

[[package]]
name = "serde_derive"
version = "1.0.197"
source = "registry+https://github.com/rust-lang/crates.io-index"
checksum = "7eb0b34b42edc17f6b7cac84a52a1c5f0e1bb2227e997ca9011ea3dd34e8610b"
dependencies = [
 "proc-macro2",
 "quote",
 "syn 2.0.58",
]

[[package]]
name = "shim"
version = "0.1.0"
dependencies = [
 "downcast-rs",
 "spin",
]

[[package]]
name = "smoltcp"
version = "0.10.0"
source = "git+https://github.com/rcore-os/smoltcp.git?rev=2ade274#2ade2747abc4d779d0836154b0413d13ce16cd5b"
dependencies = [
 "bitflags 1.3.2",
 "byteorder",
 "cfg-if",
 "defmt",
 "heapless",
 "log",
 "managed",
]

[[package]]
name = "spin"
version = "0.9.8"
source = "registry+https://github.com/rust-lang/crates.io-index"
checksum = "6980e8d7511241f8acf4aebddbb1ff938df5eebe98691418c4468d0b72a96a67"
dependencies = [
 "lock_api",
]

[[package]]
name = "stable_deref_trait"
version = "1.2.0"
source = "registry+https://github.com/rust-lang/crates.io-index"
checksum = "a8f112729512f8e442d81f95a8a7ddf2b7c6b8a1a6f509a95864142b30cab2d3"

[[package]]
name = "syn"
version = "1.0.109"
source = "registry+https://github.com/rust-lang/crates.io-index"
checksum = "72b64191b275b66ffe2469e8af2c1cfe3bafa67b529ead792a6d0160888b4237"
dependencies = [
 "proc-macro2",
 "unicode-ident",
]

[[package]]
name = "syn"
version = "2.0.58"
source = "registry+https://github.com/rust-lang/crates.io-index"
checksum = "44cfb93f38070beee36b3fef7d4f5a16f27751d94b187b666a5cc5e9b0d30687"
dependencies = [
 "proc-macro2",
 "quote",
 "unicode-ident",
]

[[package]]
name = "syscall-table"
version = "0.1.0"
source = "git+https://github.com/os-module/syscall-table.git#8363c7c6619a57580bad6e0a07c4c830ad184f74"
dependencies = [
 "inventory",
 "paste",
 "systable-macro-derive",
]

[[package]]
name = "systable-macro-derive"
version = "0.1.0"
source = "git+https://github.com/os-module/syscall-table.git#8363c7c6619a57580bad6e0a07c4c830ad184f74"
dependencies = [
 "quote",
 "syn 2.0.58",
]

[[package]]
name = "talc"
version = "1.0.0"
source = "registry+https://github.com/rust-lang/crates.io-index"
checksum = "e93487d4311cf17a1fc751b4c7c64b92fd01b9500d4141d56bd080c9935c3478"
dependencies = [
 "spin",
]

[[package]]
name = "thiserror"
version = "1.0.58"
source = "registry+https://github.com/rust-lang/crates.io-index"
checksum = "03468839009160513471e86a034bb2c5c0e4baae3b43f79ffc55c4a5427b3297"
dependencies = [
 "thiserror-impl",
]

[[package]]
name = "thiserror-impl"
version = "1.0.58"
source = "registry+https://github.com/rust-lang/crates.io-index"
checksum = "c61f3ba182994efc43764a46c018c347bc492c79f024e705f46567b418f6d4f7"
dependencies = [
 "proc-macro2",
 "quote",
 "syn 2.0.58",
]

[[package]]
name = "time"
version = "0.3.36"
source = "registry+https://github.com/rust-lang/crates.io-index"
checksum = "5dfd88e563464686c916c7e46e623e520ddc6d79fa6641390f2e3fa86e83e885"
dependencies = [
 "deranged",
 "num-conv",
 "powerfmt",
 "time-core",
 "time-macros",
]

[[package]]
name = "time-core"
version = "0.1.2"
source = "registry+https://github.com/rust-lang/crates.io-index"
checksum = "ef927ca75afb808a4d64dd374f00a2adf8d0fcff8e7b184af886c3c87ec4a3f3"

[[package]]
name = "time-macros"
version = "0.2.18"
source = "registry+https://github.com/rust-lang/crates.io-index"
checksum = "3f252a68540fde3a3877aeea552b832b40ab9a69e318efd078774a01ddee1ccf"
dependencies = [
 "num-conv",
 "time-core",
]

[[package]]
name = "timer"
version = "0.1.0"
dependencies = [
 "arch",
 "config",
 "constants",
 "platform",
 "vfscore",
]

[[package]]
name = "uart16550"
version = "0.0.1"
source = "registry+https://github.com/rust-lang/crates.io-index"
checksum = "939f6f9ccad815fe3efca8fd06f2ec1620c0387fb1bca2b231b61ce710bffb9b"

[[package]]
name = "uart8250"
version = "0.6.0"
source = "git+https://github.com/os-module/uart-rs.git#bc35b9b68272eee757d4aed7abd0c9fa448df6aa"
dependencies = [
 "bitflags 2.5.0",
 "volatile-register",
]

[[package]]
name = "unicode-ident"
version = "1.0.12"
source = "registry+https://github.com/rust-lang/crates.io-index"
checksum = "3354b9ac3fae1ff6755cb6db53683adb661634f67557942dea4facebec0fee4b"

[[package]]
name = "vcell"
version = "0.1.3"
source = "registry+https://github.com/rust-lang/crates.io-index"
checksum = "77439c1b53d2303b20d9459b1ade71a83c716e3f9c34f3228c00e6f185d6c002"

[[package]]
name = "version_check"
version = "0.9.4"
source = "registry+https://github.com/rust-lang/crates.io-index"
checksum = "49874b5167b65d7193b8aba1567f5c7d93d001cafc34600cee003eda787e483f"

[[package]]
name = "vfscore"
version = "0.1.0"
source = "git+https://github.com/os-module/rvfs.git#a82adb50f2fc806c979204df5b769e04f9404234"
dependencies = [
 "bitflags 1.3.2",
 "downcast-rs",
 "log",
 "pconst",
]

[[package]]
name = "virtio-drivers"
version = "0.5.0"
source = "git+https://github.com/rcore-os/virtio-drivers?rev=de1c3b1#de1c3b130e507702f13d142b9bee55670a4a2858"
dependencies = [
 "bitflags 2.5.0",
 "log",
 "zerocopy 0.6.6",
]

[[package]]
name = "virtio-drivers"
version = "0.5.0"
source = "git+https://github.com/rcore-os/virtio-drivers?rev=de1c3b130e507702f13d142b9bee55670a4a2858#de1c3b130e507702f13d142b9bee55670a4a2858"
dependencies = [
 "bitflags 2.5.0",
 "log",
 "zerocopy 0.6.6",
]

[[package]]
name = "virtio-net"
version = "0.1.0"
source = "git+https://github.com/os-module/simple-net#9201deb305a2f93c9914af0d4742d580a9ce9b37"
dependencies = [
 "netcore",
 "virtio-drivers 0.5.0 (git+https://github.com/rcore-os/virtio-drivers?rev=de1c3b1)",
]

[[package]]
name = "visionfive2-sd"
version = "0.1.0"
source = "git+https://github.com/os-module/visionfive2-sd.git#b8d733b0927d8d0352b8d5bf1cdbaab9e05591c5"
dependencies = [
 "bit-struct",
 "bit_field",
 "byte-slice-cast",
 "log",
 "preprint",
]

[[package]]
name = "void"
version = "1.0.2"
source = "registry+https://github.com/rust-lang/crates.io-index"
checksum = "6a02e4885ed3bc0f2de90ea6dd45ebcbb66dacffe03547fadbb0eeae2770887d"

[[package]]
name = "volatile"
version = "0.4.6"
source = "registry+https://github.com/rust-lang/crates.io-index"
checksum = "442887c63f2c839b346c192d047a7c87e73d0689c9157b00b53dcc27dd5ea793"

[[package]]
name = "volatile-register"
version = "0.2.2"
source = "registry+https://github.com/rust-lang/crates.io-index"
checksum = "de437e2a6208b014ab52972a27e59b33fa2920d3e00fe05026167a1c509d19cc"
dependencies = [
 "vcell",
]

[[package]]
name = "zerocopy"
version = "0.6.6"
source = "registry+https://github.com/rust-lang/crates.io-index"
checksum = "854e949ac82d619ee9a14c66a1b674ac730422372ccb759ce0c39cabcf2bf8e6"
dependencies = [
 "byteorder",
 "zerocopy-derive 0.6.6",
]

[[package]]
name = "zerocopy"
version = "0.7.32"
source = "registry+https://github.com/rust-lang/crates.io-index"
checksum = "74d4d3961e53fa4c9a25a8637fc2bfaf2595b3d3ae34875568a5cf64787716be"
dependencies = [
 "zerocopy-derive 0.7.32",
]

[[package]]
name = "zerocopy-derive"
version = "0.6.6"
source = "registry+https://github.com/rust-lang/crates.io-index"
checksum = "125139de3f6b9d625c39e2efdd73d41bdac468ccd556556440e322be0e1bbd91"
dependencies = [
 "proc-macro2",
 "quote",
 "syn 2.0.58",
]

[[package]]
name = "zerocopy-derive"
version = "0.7.32"
source = "registry+https://github.com/rust-lang/crates.io-index"
checksum = "9ce1b18ccd8e73a9321186f97e46f9f04b778851177567b1975109d26a08d2a6"
dependencies = [
 "proc-macro2",
 "quote",
 "syn 2.0.58",
]
